{
  "lockfile_version": "1",
  "packages": {
    "github:NixOS/nixpkgs/nixpkgs-unstable": {
      "last_modified": "2025-12-05T15:03:55Z",
      "resolved": "github:NixOS/nixpkgs/a672be65651c80d3f592a89b3945466584a22069?lastModified=1764947035&narHash=sha256-EYHSjVM4Ox4lvCXUMiKKs2vETUSL5mx%2BJ2FfutM7T9w%3D"
    },
    "go@1.23.12": {
      "last_modified": "2025-08-08T08:05:48Z",
      "resolved": "github:NixOS/nixpkgs/a3f3e3f2c983e957af6b07a1db98bafd1f87b7a1#go_1_23",
      "source": "devbox-search",
      "version": "1.23.12",
      "systems": {
        "aarch64-darwin": {
          "outputs": [
            {
              "name": "out",
              "path": "/nix/store/ls7j3c95gdy2s5zzlzy751zgly53gs4c-go-1.23.12",
              "default": true
            }
          ],
          "store_path": "/nix/store/ls7j3c95gdy2s5zzlzy751zgly53gs4c-go-1.23.12"
        },
        "aarch64-linux": {
          "outputs": [
            {
              "name": "out",
              "path": "/nix/store/482v99lr94jxbx0c44dyydhxjhzs8na1-go-1.23.12",
              "default": true
            }
          ],
          "store_path": "/nix/store/482v99lr94jxbx0c44dyydhxjhzs8na1-go-1.23.12"
        },
        "x86_64-darwin": {
          "outputs": [
            {
              "name": "out",
              "path": "/nix/store/4xnvg72xnfsyrm426wn91rb594s507ja-go-1.23.12",
              "default": true
            }
          ],
          "store_path": "/nix/store/4xnvg72xnfsyrm426wn91rb594s507ja-go-1.23.12"
        },
        "x86_64-linux": {
          "outputs": [
            {
              "name": "out",
              "path": "/nix/store/nmmw1c5mwf7mzlbk5rnpm1gxvzh6jjw4-go-1.23.12",
              "default": true
            }
          ],
          "store_path": "/nix/store/nmmw1c5mwf7mzlbk5rnpm1gxvzh6jjw4-go-1.23.12"
        }
      }
    },
    "golangci-lint@2.6.2": {
      "last_modified": "2025-11-23T21:50:36Z",
      "resolved": "github:NixOS/nixpkgs/ee09932cedcef15aaf476f9343d1dea2cb77e261#golangci-lint",
      "source": "devbox-search",
      "version": "2.6.2",
      "systems": {
        "aarch64-darwin": {
          "outputs": [
            {
              "name": "out",
              "path": "/nix/store/yvnfabxmnwmig8ralc22has0kpk7gbkn-golangci-lint-2.6.2",
              "default": true
            }
          ],
          "store_path": "/nix/store/yvnfabxmnwmig8ralc22has0kpk7gbkn-golangci-lint-2.6.2"
        },
        "aarch64-linux": {
          "outputs": [
            {
              "name": "out",
              "path": "/nix/store/jfhvpym9967m3rf8shlcmlarfbf73cpj-golangci-lint-2.6.2",
              "default": true
            }
          ],
          "store_path": "/nix/store/jfhvpym9967m3rf8shlcmlarfbf73cpj-golangci-lint-2.6.2"
        },
        "x86_64-darwin": {
          "outputs": [
            {
              "name": "out",
              "path": "/nix/store/bg84ksi4vm63c7m39yj6y1ga9n64n3mp-golangci-lint-2.6.2",
              "default": true
            }
          ],
          "store_path": "/nix/store/bg84ksi4vm63c7m39yj6y1ga9n64n3mp-golangci-lint-2.6.2"
        },
        "x86_64-linux": {
          "outputs": [
            {
              "name": "out",
              "path": "/nix/store/3kn873p4cpk0yhz7y0qvwpnn1h885a40-golangci-lint-2.6.2",
              "default": true
            }
          ],
          "store_path": "/nix/store/3kn873p4cpk0yhz7y0qvwpnn1h885a40-golangci-lint-2.6.2"
        }
      }
    }
  }
}
