{
  "lockfile_version": "1",
  "packages": {
    "github:NixOS/nixpkgs/nixpkgs-unstable": {
      "last_modified": "2025-12-05T15:03:55Z",
      "resolved": "github:NixOS/nixpkgs/a672be65651c80d3f592a89b3945466584a22069?lastModified=1764947035&narHash=sha256-EYHSjVM4Ox4lvCXUMiKKs2vETUSL5mx%2BJ2FfutM7T9w%3D"
    },
    "go@1.24.11": {
      "last_modified": "2025-12-03T03:51:48Z",
      "resolved": "github:NixOS/nixpkgs/cadcc8de247676e4751c9d4a935acb2c0b059113#go_1_24",
      "source": "devbox-search",
      "version": "1.24.11",
      "systems": {
        "aarch64-darwin": {
          "outputs": [
            {
              "name": "out",
              "path": "/nix/store/8k6qc3a84qvq9k85d7szjrknb91baqza-go-1.24.11",
              "default": true
            }
          ],
          "store_path": "/nix/store/8k6qc3a84qvq9k85d7szjrknb91baqza-go-1.24.11"
        },
        "aarch64-linux": {
          "outputs": [
            {
              "name": "out",
              "path": "/nix/store/qnfbvhrv4nv8rij76fp4pw6wjijc9dwh-go-1.24.11",
              "default": true
            }
          ],
          "store_path": "/nix/store/qnfbvhrv4nv8rij76fp4pw6wjijc9dwh-go-1.24.11"
        },
        "x86_64-darwin": {
          "outputs": [
            {
              "name": "out",
              "path": "/nix/store/cisrkjr39cdgwyc42r1348ly04jahh9d-go-1.24.11",
              "default": true
            }
          ],
          "store_path": "/nix/store/cisrkjr39cdgwyc42r1348ly04jahh9d-go-1.24.11"
        },
        "x86_64-linux": {
          "outputs": [
            {
              "name": "out",
              "path": "/nix/store/i2yqx3x40i64g0mcb2ray2rxvz1zwbhm-go-1.24.11",
              "default": true
            }
          ],
          "store_path": "/nix/store/i2yqx3x40i64g0mcb2ray2rxvz1zwbhm-go-1.24.11"
        }
      }
    },
    "golangci-lint@2.6.2": {
      "last_modified": "2025-11-23T21:50:36Z",
      "resolved": "github:NixOS/nixpkgs/ee09932cedcef15aaf476f9343d1dea2cb77e261#golangci-lint",
      "source": "devbox-search",
      "version": "2.6.2",
      "systems": {
        "aarch64-darwin": {
          "outputs": [
            {
              "name": "out",
              "path": "/nix/store/yvnfabxmnwmig8ralc22has0kpk7gbkn-golangci-lint-2.6.2",
              "default": true
            }
          ],
          "store_path": "/nix/store/yvnfabxmnwmig8ralc22has0kpk7gbkn-golangci-lint-2.6.2"
        },
        "aarch64-linux": {
          "outputs": [
            {
              "name": "out",
              "path": "/nix/store/jfhvpym9967m3rf8shlcmlarfbf73cpj-golangci-lint-2.6.2",
              "default": true
            }
          ],
          "store_path": "/nix/store/jfhvpym9967m3rf8shlcmlarfbf73cpj-golangci-lint-2.6.2"
        },
        "x86_64-darwin": {
          "outputs": [
            {
              "name": "out",
              "path": "/nix/store/bg84ksi4vm63c7m39yj6y1ga9n64n3mp-golangci-lint-2.6.2",
              "default": true
            }
          ],
          "store_path": "/nix/store/bg84ksi4vm63c7m39yj6y1ga9n64n3mp-golangci-lint-2.6.2"
        },
        "x86_64-linux": {
          "outputs": [
            {
              "name": "out",
              "path": "/nix/store/3kn873p4cpk0yhz7y0qvwpnn1h885a40-golangci-lint-2.6.2",
              "default": true
            }
          ],
          "store_path": "/nix/store/3kn873p4cpk0yhz7y0qvwpnn1h885a40-golangci-lint-2.6.2"
        }
      }
    }
  }
}
